
Microsoft Visual Studio Solution File, Format Version 12.00
Project("{FAE04EC0-301F-11D3-BF4B-00C04F79EFBC}") = "Expenses.Api", "Expenses.Api\Expenses.Api.csproj", "{9065D870-E0F0-4B79-A553-31AB3F4A1222}"
EndProject
Project("{FAE04EC0-301F-11D3-BF4B-00C04F79EFBC}") = "Expenses.ApplicationCore", "Expenses.ApplicationCore\Expenses.ApplicationCore.csproj", "{6ADEDC87-B839-49E8-A59C-C2D35CE6033A}"
EndProject
Project("{FAE04EC0-301F-11D3-BF4B-00C04F79EFBC}") = "Expenses.Infrastructure", "Expenses.Infrastructure\Expenses.Infrastructure.csproj", "{13541686-2C8E-497A-9FB6-F6F717FC87EE}"
EndProject
Project("{FAE04EC0-301F-11D3-BF4B-00C04F79EFBC}") = "ReportGenerator", "ReportGenerator\ReportGenerator.csproj", "{6CEC20DB-0144-4605-B053-C33BFAEEA922}"
EndProject
Global
	GlobalSection(SolutionConfigurationPlatforms) = preSolution
		Debug|Any CPU = Debug|Any CPU
		Release|Any CPU = Release|Any CPU
	EndGlobalSection
	GlobalSection(ProjectConfigurationPlatforms) = postSolution
		{9065D870-E0F0-4B79-A553-31AB3F4A1222}.Debug|Any CPU.ActiveCfg = Debug|Any CPU
		{9065D870-E0F0-4B79-A553-31AB3F4A1222}.Debug|Any CPU.Build.0 = Debug|Any CPU
		{9065D870-E0F0-4B79-A553-31AB3F4A1222}.Release|Any CPU.ActiveCfg = Release|Any CPU
		{9065D870-E0F0-4B79-A553-31AB3F4A1222}.Release|Any CPU.Build.0 = Release|Any CPU
		{6ADEDC87-B839-49E8-A59C-C2D35CE6033A}.Debug|Any CPU.ActiveCfg = Debug|Any CPU
		{6ADEDC87-B839-49E8-A59C-C2D35CE6033A}.Debug|Any CPU.Build.0 = Debug|Any CPU
		{6ADEDC87-B839-49E8-A59C-C2D35CE6033A}.Release|Any CPU.ActiveCfg = Release|Any CPU
		{6ADEDC87-B839-49E8-A59C-C2D35CE6033A}.Release|Any CPU.Build.0 = Release|Any CPU
		{13541686-2C8E-497A-9FB6-F6F717FC87EE}.Debug|Any CPU.ActiveCfg = Debug|Any CPU
		{13541686-2C8E-497A-9FB6-F6F717FC87EE}.Debug|Any CPU.Build.0 = Debug|Any CPU
		{13541686-2C8E-497A-9FB6-F6F717FC87EE}.Release|Any CPU.ActiveCfg = Release|Any CPU
		{13541686-2C8E-497A-9FB6-F6F717FC87EE}.Release|Any CPU.Build.0 = Release|Any CPU
		{6CEC20DB-0144-4605-B053-C33BFAEEA922}.Debug|Any CPU.ActiveCfg = Debug|Any CPU
		{6CEC20DB-0144-4605-B053-C33BFAEEA922}.Debug|Any CPU.Build.0 = Debug|Any CPU
		{6CEC20DB-0144-4605-B053-C33BFAEEA922}.Release|Any CPU.ActiveCfg = Release|Any CPU
		{6CEC20DB-0144-4605-B053-C33BFAEEA922}.Release|Any CPU.Build.0 = Release|Any CPU
	EndGlobalSection
EndGlobal
