
Microsoft Visual Studio Solution File, Format Version 12.00
Project("{FAE04EC0-301F-11D3-BF4B-00C04F79EFBC}") = "Expenses.Api", "Expenses.Api\Expenses.Api.csproj", "{9065D870-E0F0-4B79-A553-31AB3F4A1222}"
EndProject
Project("{FAE04EC0-301F-11D3-BF4B-00C04F79EFBC}") = "Expenses.ApplicationCore", "Expenses.ApplicationCore\Expenses.ApplicationCore.csproj", "{6ADEDC87-B839-49E8-A59C-C2D35CE6033A}"
EndProject
Project("{FAE04EC0-301F-11D3-BF4B-00C04F79EFBC}") = "Expenses.Infrastructure", "Expenses.Infrastructure\Expenses.Infrastructure.csproj", "{13541686-2C8E-497A-9FB6-F6F717FC87EE}"
EndProject
Project("{FAE04EC0-301F-11D3-BF4B-00C04F79EFBC}") = "FileProcessor", "FileProcessor\FileProcessor.csproj", "{6CEC20DB-0144-4605-B053-C33BFAEEA922}"
EndProject
Project("{2150E333-8FDC-42A3-9474-1A3956D46DE8}") = "Expenses.Api", "Expenses.Api", "{8D361E2E-3119-487E-981B-858A454C1E98}"
EndProject
Project("{2150E333-8FDC-42A3-9474-1A3956D46DE8}") = "FileProcessorService", "FileProcessorService", "{95DA89C4-A374-4D15-8272-A8E65C149F32}"
EndProject
Project("{FAE04EC0-301F-11D3-BF4B-00C04F79EFBC}") = "FileProcessor.Infrastructure", "FileProcessor.Infrastructure\FileProcessor.Infrastructure.csproj", "{B2AD15F4-A0F4-4A5D-A7BD-1B4249C8E02D}"
EndProject
Project("{FAE04EC0-301F-11D3-BF4B-00C04F79EFBC}") = "FileProcessor.Core", "FileProcessor.Core\FileProcessor.Core.csproj", "{89EDFC2B-7B26-4E81-91B3-B57E8A3F0E85}"
EndProject
Global
	GlobalSection(SolutionConfigurationPlatforms) = preSolution
		Debug|Any CPU = Debug|Any CPU
		Release|Any CPU = Release|Any CPU
	EndGlobalSection
	GlobalSection(ProjectConfigurationPlatforms) = postSolution
		{9065D870-E0F0-4B79-A553-31AB3F4A1222}.Debug|Any CPU.ActiveCfg = Debug|Any CPU
		{9065D870-E0F0-4B79-A553-31AB3F4A1222}.Debug|Any CPU.Build.0 = Debug|Any CPU
		{9065D870-E0F0-4B79-A553-31AB3F4A1222}.Release|Any CPU.ActiveCfg = Release|Any CPU
		{9065D870-E0F0-4B79-A553-31AB3F4A1222}.Release|Any CPU.Build.0 = Release|Any CPU
		{6ADEDC87-B839-49E8-A59C-C2D35CE6033A}.Debug|Any CPU.ActiveCfg = Debug|Any CPU
		{6ADEDC87-B839-49E8-A59C-C2D35CE6033A}.Debug|Any CPU.Build.0 = Debug|Any CPU
		{6ADEDC87-B839-49E8-A59C-C2D35CE6033A}.Release|Any CPU.ActiveCfg = Release|Any CPU
		{6ADEDC87-B839-49E8-A59C-C2D35CE6033A}.Release|Any CPU.Build.0 = Release|Any CPU
		{13541686-2C8E-497A-9FB6-F6F717FC87EE}.Debug|Any CPU.ActiveCfg = Debug|Any CPU
		{13541686-2C8E-497A-9FB6-F6F717FC87EE}.Debug|Any CPU.Build.0 = Debug|Any CPU
		{13541686-2C8E-497A-9FB6-F6F717FC87EE}.Release|Any CPU.ActiveCfg = Release|Any CPU
		{13541686-2C8E-497A-9FB6-F6F717FC87EE}.Release|Any CPU.Build.0 = Release|Any CPU
		{6CEC20DB-0144-4605-B053-C33BFAEEA922}.Debug|Any CPU.ActiveCfg = Debug|Any CPU
		{6CEC20DB-0144-4605-B053-C33BFAEEA922}.Debug|Any CPU.Build.0 = Debug|Any CPU
		{6CEC20DB-0144-4605-B053-C33BFAEEA922}.Release|Any CPU.ActiveCfg = Release|Any CPU
		{6CEC20DB-0144-4605-B053-C33BFAEEA922}.Release|Any CPU.Build.0 = Release|Any CPU
		{B2AD15F4-A0F4-4A5D-A7BD-1B4249C8E02D}.Debug|Any CPU.ActiveCfg = Debug|Any CPU
		{B2AD15F4-A0F4-4A5D-A7BD-1B4249C8E02D}.Debug|Any CPU.Build.0 = Debug|Any CPU
		{B2AD15F4-A0F4-4A5D-A7BD-1B4249C8E02D}.Release|Any CPU.ActiveCfg = Release|Any CPU
		{B2AD15F4-A0F4-4A5D-A7BD-1B4249C8E02D}.Release|Any CPU.Build.0 = Release|Any CPU
		{89EDFC2B-7B26-4E81-91B3-B57E8A3F0E85}.Debug|Any CPU.ActiveCfg = Debug|Any CPU
		{89EDFC2B-7B26-4E81-91B3-B57E8A3F0E85}.Debug|Any CPU.Build.0 = Debug|Any CPU
		{89EDFC2B-7B26-4E81-91B3-B57E8A3F0E85}.Release|Any CPU.ActiveCfg = Release|Any CPU
		{89EDFC2B-7B26-4E81-91B3-B57E8A3F0E85}.Release|Any CPU.Build.0 = Release|Any CPU
	EndGlobalSection
	GlobalSection(NestedProjects) = preSolution
		{9065D870-E0F0-4B79-A553-31AB3F4A1222} = {8D361E2E-3119-487E-981B-858A454C1E98}
		{6ADEDC87-B839-49E8-A59C-C2D35CE6033A} = {8D361E2E-3119-487E-981B-858A454C1E98}
		{13541686-2C8E-497A-9FB6-F6F717FC87EE} = {8D361E2E-3119-487E-981B-858A454C1E98}
		{6CEC20DB-0144-4605-B053-C33BFAEEA922} = {95DA89C4-A374-4D15-8272-A8E65C149F32}
		{B2AD15F4-A0F4-4A5D-A7BD-1B4249C8E02D} = {95DA89C4-A374-4D15-8272-A8E65C149F32}
		{89EDFC2B-7B26-4E81-91B3-B57E8A3F0E85} = {95DA89C4-A374-4D15-8272-A8E65C149F32}
	EndGlobalSection
EndGlobal
